{"format_version":"1.0","provider_schemas":{"registry.terraform.io/dragonflydb/dfcloud":{"provider":{"version":0,"block":{"attributes":{"api_host":{"type":"string","description":"The URL of the Dragonfly Cloud API.","description_kind":"plain","optional":true},"api_key":{"type":"string","description":"Dragonfly Cloud API key. This can also be set via the DFCLOUD_API_KEY environment variable.","description_kind":"plain","optional":true,"sensitive":true}},"description":"The Dragonfly Cloud provider is used to interact with resources supported by Dragonfly Cloud.\n\nThe provider needs to be configured with the proper credentials before it can be used.","description_kind":"plain"}},"resource_schemas":{"dfcloud_connection":{"version":0,"block":{"attributes":{"connection_id":{"type":"string","description":"The ID of the connection.","description_kind":"markdown","computed":true},"name":{"type":"string","description":"The name of the connection.","description_kind":"markdown","required":true},"network_id":{"type":"string","description":"The ID of the network to connect to.","description_kind":"markdown","required":true},"peer":{"nested_type":{"attributes":{"account_id":{"type":"string","description":"The account ID of the target VPC.","description_kind":"markdown","required":true},"azure_app_object_id":{"type":"string","description":"The object ID of the Azure AD application used for peering. Required for Azure network connections.","description_kind":"markdown","optional":true},"azure_resource_group":{"type":"string","description":"The Azure resource group of the peer VNet. Required for Azure network connections.","description_kind":"markdown","optional":true},"azure_tenant_id":{"type":"string","description":"The Azure tenant ID. Required for Azure network connections.","description_kind":"markdown","optional":true},"azure_use_remote_gateways":{"type":"bool","description":"Whether to use remote gateways in the Azure VNet peering. Defaults to false.","description_kind":"markdown","optional":true,"computed":true},"region":{"type":"string","description":"The region of the target VPC. Only required for AWS cross-region connections.","description_kind":"markdown","optional":true},"vpc_id":{"type":"string","description":"The ID of the target VPC.","description_kind":"markdown","required":true}},"nesting_mode":"single"},"description":"The VPC to connect to.","description_kind":"markdown","required":true},"peer_connection_id":{"type":"string","description":"The underlying cloud provider connection ID.","description_kind":"markdown","computed":true},"status":{"type":"string","description":"The status of the connection.","description_kind":"markdown","computed":true},"status_detail":{"type":"string","description":"Additional details about the connection status.","description_kind":"markdown","computed":true}},"description":"Manages a Dragonfly network connection.","description_kind":"markdown"}},"dfcloud_datastore":{"version":0,"block":{"attributes":{"addr":{"type":"string","description":"The address of the datastore.","description_kind":"markdown","computed":true},"byoc_account_id":{"type":"string","description":"The BYOC (Bring Your Own Cloud) account ID to provision the datastore into.","description_kind":"markdown","optional":true},"cluster":{"nested_type":{"attributes":{"shard_memory":{"type":"number","description":"The cluster shard memory in bytes. For example, `6250000000` represents 6.25 GB. If not set, the shard memory is managed automatically.\n\n  Permitted values: `6250000000` (6.25 GB), `12500000000` (12.5 GB), `25000000000` (25 GB), `50000000000` (50 GB), `100000000000` (100 GB).","description_kind":"markdown","optional":true}},"nesting_mode":"single"},"description":"The cluster configuration for the datastore.","description_kind":"markdown","optional":true},"created_at":{"type":"number","description":"The timestamp when the datastore was created.","description_kind":"markdown","computed":true},"disable_pass_key":{"type":"bool","description":"Disable the passkey for the datastore.","description_kind":"markdown","optional":true},"dragonfly":{"nested_type":{"attributes":{"acl_rules":{"type":["list","string"],"description":"List of ACL rules.","description_kind":"markdown","optional":true,"computed":true,"sensitive":true},"bullmq":{"type":"bool","description":"Enable BullMQ compatibility.","description_kind":"markdown","optional":true,"computed":true},"cache_mode":{"type":"bool","description":"Enable cache mode for memory management.","description_kind":"markdown","optional":true,"computed":true},"memcached":{"type":"bool","description":"Enable Memcached protocol.","description_kind":"markdown","optional":true,"computed":true},"sidekiq":{"type":"bool","description":"Enable Sidekiq compatibility.","description_kind":"markdown","optional":true,"computed":true},"tls":{"type":"bool","description":"Enable TLS.","description_kind":"markdown","optional":true,"computed":true}},"nesting_mode":"single"},"description":"Dragonfly-specific configuration.","description_kind":"markdown","optional":true,"computed":true},"id":{"type":"string","description":"The ID of the datastore.","description_kind":"markdown","computed":true},"location":{"nested_type":{"attributes":{"availability_zones":{"type":["list","string"],"description":"The availability zones for the datastore location.","description_kind":"markdown","required":true},"provider":{"type":"string","description":"The provider for the datastore location.","description_kind":"markdown","required":true},"region":{"type":"string","description":"The region for the datastore location.","description_kind":"markdown","required":true}},"nesting_mode":"single"},"description":"The location configuration for the datastore.","description_kind":"markdown","required":true},"maintenance_window":{"nested_type":{"attributes":{"duration_hours":{"type":"number","description":"DurationHours is the duration of the maintenance window in hours. 0 means maintenance is always allowed.","description_kind":"markdown","optional":true},"hour":{"type":"number","description":"The hour of the day to start the maintenance window. 0-23.","description_kind":"markdown","optional":true},"weekday":{"type":"number","description":"The day of the week to start the maintenance window. 0-6, 0 is Sunday.","description_kind":"markdown","optional":true}},"nesting_mode":"single"},"description":"The maintenance window configuration for the datastore.","description_kind":"markdown","optional":true},"name":{"type":"string","description":"The name of the datastore.","description_kind":"markdown","required":true},"network_id":{"type":"string","description":"The ID of the network the datastore should be placed into.","description_kind":"markdown","optional":true},"password":{"type":"string","description":"The password for the datastore.","description_kind":"markdown","computed":true,"sensitive":true},"tier":{"nested_type":{"attributes":{"byoc_instance_family_name":{"type":"string","description":"The instance family name to use for BYOC datastores.","description_kind":"markdown","optional":true},"max_memory_bytes":{"type":"number","description":"The maximum memory (in bytes) for the datastore. For example, `12500000000` represents 12.5 GB.\n\n  The permitted values listed below apply to non-swarm datastores. For swarm datastores, the value must be a multiple of `shard_memory` (e.g. `shard_memory` × number of shards).\n\n  Permitted values by cloud provider and performance tier (non-swarm):\n\n  | Provider | Tier     | Permitted values (bytes)                                                                                       |\n  |----------|----------|----------------------------------------------------------------------------------------------------------------|\n  | AWS      | dev      | `3e9`                                                                                                          |\n  | AWS      | byoc     | `6.25e9`, `12.5e9`, `25e9`, `50e9`, `100e9`, `200e9`, `400e9`                                                 |\n  | AWS      | standard | `12.5e9`, `25e9`, `50e9`, `100e9`, `200e9`, `400e9`                                                           |\n  | AWS      | enhanced | `6.25e9`, `12.5e9`, `25e9`, `50e9`, `100e9`, `200e9`, `300e9`, `400e9`                                        |\n  | AWS      | extreme  | `6.25e9`, `12.5e9`, `25e9`, `50e9`, `100e9`, `200e9`                                                          |\n  | GCP      | dev      | `3e9`                                                                                                          |\n  | GCP      | byoc     | `6.25e9`, `12.5e9`, `25e9`, `50e9`, `100e9`, `200e9`, `300e9`, `400e9`                                        |\n  | GCP      | standard | `12.5e9`, `25e9`, `50e9`, `100e9`, `200e9`, `300e9`, `400e9`                                                  |\n  | GCP      | enhanced | `6.25e9`, `12.5e9`, `25e9`, `50e9`, `100e9`, `150e9`, `200e9`, `250e9`, `300e9`, `400e9`                      |\n  | GCP      | extreme  | `6.25e9`, `12.5e9`, `25e9`, `50e9`, `100e9`, `150e9`, `200e9`                                                 |\n  | Azure    | dev      | `3e9`                                                                                                          |\n  | Azure    | standard | `12.5e9`, `25e9`, `50e9`, `100e9`, `200e9`, `300e9`, `400e9`                                                  |\n  | Azure    | enhanced | `6.5e9`, `12.5e9`, `25e9`, `50e9`, `100e9`, `150e9`, `200e9`, `300e9`                                         |\n  | Azure    | extreme  | `6.5e9`, `12.5e9`, `25e9`, `50e9`, `100e9`                                                                    |","description_kind":"markdown","required":true},"performance_tier":{"type":"string","description":"The performance tier for the datastore.","description_kind":"markdown","required":true},"replicas":{"type":"number","description":"The number of replicas for the datastore. Default is 0.","description_kind":"markdown","optional":true,"computed":true}},"nesting_mode":"single"},"description":"The tier configuration for the datastore.","description_kind":"markdown","required":true}},"description":"Manages a Dragonfly datastore resource.","description_kind":"markdown"}},"dfcloud_network":{"version":0,"block":{"attributes":{"byoc_account_id":{"type":"string","description":"The BYOC (Bring Your Own Cloud) account ID to provision the network into.","description_kind":"markdown","optional":true},"cidr_block":{"type":"string","description":"The CIDR block for the network.","description_kind":"markdown","required":true},"created_at":{"type":"number","description":"The timestamp when the network was created.","description_kind":"markdown","computed":true},"id":{"type":"string","description":"The ID of the network.","description_kind":"markdown","computed":true},"location":{"nested_type":{"attributes":{"provider":{"type":"string","description":"The provider for the network location.","description_kind":"markdown","required":true},"region":{"type":"string","description":"The region for the network location.","description_kind":"markdown","required":true}},"nesting_mode":"single"},"description":"The location configuration for the network.","description_kind":"markdown","required":true},"name":{"type":"string","description":"The name of the network.","description_kind":"markdown","required":true},"status":{"type":"string","description":"The status of the network.","description_kind":"markdown","computed":true},"vpc":{"nested_type":{"attributes":{"account_id":{"type":"string","description":"The account ID of the VPC.","description_kind":"markdown","computed":true},"resource_id":{"type":"string","description":"The resource ID of the VPC.","description_kind":"markdown","computed":true}},"nesting_mode":"single"},"description":"The VPC information for the network.","description_kind":"markdown","computed":true}},"description":"Manages a Dragonfly network.","description_kind":"markdown"}}}}}}
